
Microsoft Visual Studio Solution File, Format Version 12.00
# Visual Studio Version 17
VisualStudioVersion = 17.5.002.0
MinimumVisualStudioVersion = 10.0.40219.1
Project("{9A19103F-16F7-4668-BE54-9A1E7A4F7556}") = "cliente", "cliente.csproj", "{A1976C17-CA19-46EB-853C-E83108669819}"
EndProject
Global
	GlobalSection(SolutionConfigurationPlatforms) = preSolution
		Debug|Any CPU = Debug|Any CPU
		Release|Any CPU = Release|Any CPU
	EndGlobalSection
	GlobalSection(ProjectConfigurationPlatforms) = postSolution
		{A1976C17-CA19-46EB-853C-E83108669819}.Debug|Any CPU.ActiveCfg = Debug|Any CPU
		{A1976C17-CA19-46EB-853C-E83108669819}.Debug|Any CPU.Build.0 = Debug|Any CPU
		{A1976C17-CA19-46EB-853C-E83108669819}.Release|Any CPU.ActiveCfg = Release|Any CPU
		{A1976C17-CA19-46EB-853C-E83108669819}.Release|Any CPU.Build.0 = Release|Any CPU
	EndGlobalSection
	GlobalSection(SolutionProperties) = preSolution
		HideSolutionNode = FALSE
	EndGlobalSection
	GlobalSection(ExtensibilityGlobals) = postSolution
		SolutionGuid = {106DBCC2-B412-4CA9-B0B5-F10EBEB5CF44}
	EndGlobalSection
EndGlobal
